
Microsoft Visual Studio Solution File, Format Version 12.00
# Visual Studio 14
VisualStudioVersion = 14.0.25420.1
MinimumVisualStudioVersion = 10.0.40219.1
Project("{8BC9CEB8-8B4A-11D0-8D11-00A0C91BC942}") = "VeritasEngine", "ConsoleApplication5\ConsoleApplication5.vcxproj", "{6FC96837-85E3-417E-8497-7C92E91F429E}"
EndProject
Project("{8BC9CEB8-8B4A-11D0-8D11-00A0C91BC942}") = "VPhysics", "VPhysics\VPhysics.vcxproj", "{BEFBA9A6-D858-46F0-9FAA-58C2E95772CA}"
EndProject
Project("{8BC9CEB8-8B4A-11D0-8D11-00A0C91BC942}") = "Veritas Math", "Veritas Math\Veritas Math.vcxproj", "{E826F396-E1F2-475B-991D-67F20190C89B}"
EndProject
Project("{8BC9CEB8-8B4A-11D0-8D11-00A0C91BC942}") = "ColorMap", "ColorMap\ColorMap.vcxproj", "{0A6DAEC3-B7C9-411C-9DCF-A87790B6E203}"
EndProject
Global
	GlobalSection(SolutionConfigurationPlatforms) = preSolution
		Debug|x64 = Debug|x64
		Debug|x86 = Debug|x86
		MinSizeRel|x64 = MinSizeRel|x64
		MinSizeRel|x86 = MinSizeRel|x86
		Release|x64 = Release|x64
		Release|x86 = Release|x86
		RelWithDebInfo|x64 = RelWithDebInfo|x64
		RelWithDebInfo|x86 = RelWithDebInfo|x86
	EndGlobalSection
	GlobalSection(ProjectConfigurationPlatforms) = postSolution
		{6FC96837-85E3-417E-8497-7C92E91F429E}.Debug|x64.ActiveCfg = Debug|x64
		{6FC96837-85E3-417E-8497-7C92E91F429E}.Debug|x64.Build.0 = Debug|x64
		{6FC96837-85E3-417E-8497-7C92E91F429E}.Debug|x86.ActiveCfg = Debug|Win32
		{6FC96837-85E3-417E-8497-7C92E91F429E}.Debug|x86.Build.0 = Debug|Win32
		{6FC96837-85E3-417E-8497-7C92E91F429E}.MinSizeRel|x64.ActiveCfg = Release|x64
		{6FC96837-85E3-417E-8497-7C92E91F429E}.MinSizeRel|x64.Build.0 = Release|x64
		{6FC96837-85E3-417E-8497-7C92E91F429E}.MinSizeRel|x86.ActiveCfg = Release|Win32
		{6FC96837-85E3-417E-8497-7C92E91F429E}.MinSizeRel|x86.Build.0 = Release|Win32
		{6FC96837-85E3-417E-8497-7C92E91F429E}.Release|x64.ActiveCfg = Release|x64
		{6FC96837-85E3-417E-8497-7C92E91F429E}.Release|x64.Build.0 = Release|x64
		{6FC96837-85E3-417E-8497-7C92E91F429E}.Release|x86.ActiveCfg = Release|Win32
		{6FC96837-85E3-417E-8497-7C92E91F429E}.Release|x86.Build.0 = Release|Win32
		{6FC96837-85E3-417E-8497-7C92E91F429E}.RelWithDebInfo|x64.ActiveCfg = Release|x64
		{6FC96837-85E3-417E-8497-7C92E91F429E}.RelWithDebInfo|x64.Build.0 = Release|x64
		{6FC96837-85E3-417E-8497-7C92E91F429E}.RelWithDebInfo|x86.ActiveCfg = Release|Win32
		{6FC96837-85E3-417E-8497-7C92E91F429E}.RelWithDebInfo|x86.Build.0 = Release|Win32
		{BEFBA9A6-D858-46F0-9FAA-58C2E95772CA}.Debug|x64.ActiveCfg = Debug|x64
		{BEFBA9A6-D858-46F0-9FAA-58C2E95772CA}.Debug|x64.Build.0 = Debug|x64
		{BEFBA9A6-D858-46F0-9FAA-58C2E95772CA}.Debug|x86.ActiveCfg = Debug|Win32
		{BEFBA9A6-D858-46F0-9FAA-58C2E95772CA}.Debug|x86.Build.0 = Debug|Win32
		{BEFBA9A6-D858-46F0-9FAA-58C2E95772CA}.MinSizeRel|x64.ActiveCfg = Release|x64
		{BEFBA9A6-D858-46F0-9FAA-58C2E95772CA}.MinSizeRel|x64.Build.0 = Release|x64
		{BEFBA9A6-D858-46F0-9FAA-58C2E95772CA}.MinSizeRel|x86.ActiveCfg = Release|Win32
		{BEFBA9A6-D858-46F0-9FAA-58C2E95772CA}.MinSizeRel|x86.Build.0 = Release|Win32
		{BEFBA9A6-D858-46F0-9FAA-58C2E95772CA}.Release|x64.ActiveCfg = Release|x64
		{BEFBA9A6-D858-46F0-9FAA-58C2E95772CA}.Release|x64.Build.0 = Release|x64
		{BEFBA9A6-D858-46F0-9FAA-58C2E95772CA}.Release|x86.ActiveCfg = Release|Win32
		{BEFBA9A6-D858-46F0-9FAA-58C2E95772CA}.Release|x86.Build.0 = Release|Win32
		{BEFBA9A6-D858-46F0-9FAA-58C2E95772CA}.RelWithDebInfo|x64.ActiveCfg = Release|x64
		{BEFBA9A6-D858-46F0-9FAA-58C2E95772CA}.RelWithDebInfo|x64.Build.0 = Release|x64
		{BEFBA9A6-D858-46F0-9FAA-58C2E95772CA}.RelWithDebInfo|x86.ActiveCfg = Release|Win32
		{BEFBA9A6-D858-46F0-9FAA-58C2E95772CA}.RelWithDebInfo|x86.Build.0 = Release|Win32
		{E826F396-E1F2-475B-991D-67F20190C89B}.Debug|x64.ActiveCfg = Debug|x64
		{E826F396-E1F2-475B-991D-67F20190C89B}.Debug|x64.Build.0 = Debug|x64
		{E826F396-E1F2-475B-991D-67F20190C89B}.Debug|x86.ActiveCfg = Debug|Win32
		{E826F396-E1F2-475B-991D-67F20190C89B}.Debug|x86.Build.0 = Debug|Win32
		{E826F396-E1F2-475B-991D-67F20190C89B}.MinSizeRel|x64.ActiveCfg = Release|x64
		{E826F396-E1F2-475B-991D-67F20190C89B}.MinSizeRel|x64.Build.0 = Release|x64
		{E826F396-E1F2-475B-991D-67F20190C89B}.MinSizeRel|x86.ActiveCfg = Release|Win32
		{E826F396-E1F2-475B-991D-67F20190C89B}.MinSizeRel|x86.Build.0 = Release|Win32
		{E826F396-E1F2-475B-991D-67F20190C89B}.Release|x64.ActiveCfg = Release|x64
		{E826F396-E1F2-475B-991D-67F20190C89B}.Release|x64.Build.0 = Release|x64
		{E826F396-E1F2-475B-991D-67F20190C89B}.Release|x86.ActiveCfg = Release|Win32
		{E826F396-E1F2-475B-991D-67F20190C89B}.Release|x86.Build.0 = Release|Win32
		{E826F396-E1F2-475B-991D-67F20190C89B}.RelWithDebInfo|x64.ActiveCfg = Release|x64
		{E826F396-E1F2-475B-991D-67F20190C89B}.RelWithDebInfo|x64.Build.0 = Release|x64
		{E826F396-E1F2-475B-991D-67F20190C89B}.RelWithDebInfo|x86.ActiveCfg = Release|Win32
		{E826F396-E1F2-475B-991D-67F20190C89B}.RelWithDebInfo|x86.Build.0 = Release|Win32
		{0A6DAEC3-B7C9-411C-9DCF-A87790B6E203}.Debug|x64.ActiveCfg = Debug|x64
		{0A6DAEC3-B7C9-411C-9DCF-A87790B6E203}.Debug|x64.Build.0 = Debug|x64
		{0A6DAEC3-B7C9-411C-9DCF-A87790B6E203}.Debug|x86.ActiveCfg = Debug|Win32
		{0A6DAEC3-B7C9-411C-9DCF-A87790B6E203}.Debug|x86.Build.0 = Debug|Win32
		{0A6DAEC3-B7C9-411C-9DCF-A87790B6E203}.MinSizeRel|x64.ActiveCfg = Release|x64
		{0A6DAEC3-B7C9-411C-9DCF-A87790B6E203}.MinSizeRel|x64.Build.0 = Release|x64
		{0A6DAEC3-B7C9-411C-9DCF-A87790B6E203}.MinSizeRel|x86.ActiveCfg = Release|Win32
		{0A6DAEC3-B7C9-411C-9DCF-A87790B6E203}.MinSizeRel|x86.Build.0 = Release|Win32
		{0A6DAEC3-B7C9-411C-9DCF-A87790B6E203}.Release|x64.ActiveCfg = Release|x64
		{0A6DAEC3-B7C9-411C-9DCF-A87790B6E203}.Release|x64.Build.0 = Release|x64
		{0A6DAEC3-B7C9-411C-9DCF-A87790B6E203}.Release|x86.ActiveCfg = Release|Win32
		{0A6DAEC3-B7C9-411C-9DCF-A87790B6E203}.Release|x86.Build.0 = Release|Win32
		{0A6DAEC3-B7C9-411C-9DCF-A87790B6E203}.RelWithDebInfo|x64.ActiveCfg = Release|x64
		{0A6DAEC3-B7C9-411C-9DCF-A87790B6E203}.RelWithDebInfo|x64.Build.0 = Release|x64
		{0A6DAEC3-B7C9-411C-9DCF-A87790B6E203}.RelWithDebInfo|x86.ActiveCfg = Release|Win32
		{0A6DAEC3-B7C9-411C-9DCF-A87790B6E203}.RelWithDebInfo|x86.Build.0 = Release|Win32
	EndGlobalSection
	GlobalSection(SolutionProperties) = preSolution
		HideSolutionNode = FALSE
	EndGlobalSection
EndGlobal
