<?xml version="1.0" encoding="utf-8"?>
<Project ToolsVersion="4.0" xmlns="http://schemas.microsoft.com/developer/msbuild/2003">
  <ItemGroup>
    <ClCompile Include="$(ProjectDir)src\array.cpp">
      <Filter>Source Files</Filter>
    </ClCompile>
    <ClCompile Include="$(ProjectDir)src\collision_convex_trimesh.cpp">
      <Filter>Source Files\Collision</Filter>
    </ClCompile>
    <ClCompile Include="$(ProjectDir)src\collision_cylinder_box.cpp">
      <Filter>Source Files\Collision</Filter>
    </ClCompile>
    <ClCompile Include="$(ProjectDir)src\collision_cylinder_plane.cpp">
      <Filter>Source Files\Collision</Filter>
    </ClCompile>
    <ClCompile Include="$(ProjectDir)src\collision_cylinder_sphere.cpp">
      <Filter>Source Files\Collision</Filter>
    </ClCompile>
    <ClCompile Include="$(ProjectDir)src\collision_cylinder_trimesh.cpp">
      <Filter>Source Files\Collision</Filter>
    </ClCompile>
    <ClCompile Include="$(ProjectDir)src\collision_kernel.cpp">
      <Filter>Source Files\Collision</Filter>
    </ClCompile>
    <ClCompile Include="$(ProjectDir)src\collision_quadtreespace.cpp">
      <Filter>Source Files\Collision</Filter>
    </ClCompile>
    <ClCompile Include="$(ProjectDir)src\collision_sapspace.cpp">
      <Filter>Source Files\Collision</Filter>
    </ClCompile>
    <ClCompile Include="$(ProjectDir)src\collision_space.cpp">
      <Filter>Source Files\Collision</Filter>
    </ClCompile>
    <ClCompile Include="$(ProjectDir)src\collision_transform.cpp">
      <Filter>Source Files\Collision</Filter>
    </ClCompile>
    <ClCompile Include="$(ProjectDir)src\collision_trimesh_box.cpp">
      <Filter>Source Files\Collision</Filter>
    </ClCompile>
    <ClCompile Include="$(ProjectDir)src\collision_trimesh_ccylinder.cpp">
      <Filter>Source Files\Collision</Filter>
    </ClCompile>
    <ClCompile Include="$(ProjectDir)src\collision_trimesh_disabled.cpp">
      <Filter>Source Files\Collision</Filter>
    </ClCompile>
    <ClCompile Include="$(ProjectDir)src\collision_trimesh_internal.cpp">
      <Filter>Source Files\Collision</Filter>
    </ClCompile>
    <ClCompile Include="$(ProjectDir)src\collision_trimesh_opcode.cpp">
      <Filter>Source Files\Collision</Filter>
    </ClCompile>
    <ClCompile Include="$(ProjectDir)src\collision_trimesh_plane.cpp">
      <Filter>Source Files\Collision</Filter>
    </ClCompile>
    <ClCompile Include="$(ProjectDir)src\collision_trimesh_ray.cpp">
      <Filter>Source Files\Collision</Filter>
    </ClCompile>
    <ClCompile Include="$(ProjectDir)src\collision_trimesh_sphere.cpp">
      <Filter>Source Files\Collision</Filter>
    </ClCompile>
    <ClCompile Include="$(ProjectDir)src\collision_trimesh_trimesh.cpp">
      <Filter>Source Files\Collision</Filter>
    </ClCompile>
    <ClCompile Include="$(ProjectDir)src\collision_trimesh_trimesh_old.cpp">
      <Filter>Source Files\Collision</Filter>
    </ClCompile>
    <ClCompile Include="$(ProjectDir)ou\src\ou\customization.cpp">
      <Filter>Source Files</Filter>
    </ClCompile>
    <ClCompile Include="$(ProjectDir)src\joints\ball.cpp">
      <Filter>Source Files\Geometry</Filter>
    </ClCompile>
    <ClCompile Include="$(ProjectDir)src\box.cpp">
      <Filter>Source Files\Geometry</Filter>
    </ClCompile>
    <ClCompile Include="$(ProjectDir)src\capsule.cpp">
      <Filter>Source Files\Geometry</Filter>
    </ClCompile>
    <ClCompile Include="$(ProjectDir)src\cylinder.cpp">
      <Filter>Source Files\Geometry</Filter>
    </ClCompile>
    <ClCompile Include="$(ProjectDir)src\joints\dball.cpp">
      <Filter>Source Files\Joints</Filter>
    </ClCompile>
    <ClCompile Include="$(ProjectDir)src\default_threading.cpp">
      <Filter>Source Files\Threading</Filter>
    </ClCompile>
    <ClCompile Include="$(ProjectDir)src\joints\dhinge.cpp">
      <Filter>Source Files\Joints</Filter>
    </ClCompile>
    <ClCompile Include="$(ProjectDir)src\error.cpp">
      <Filter>Source Files</Filter>
    </ClCompile>
    <ClCompile Include="$(ProjectDir)src\export-dif.cpp">
      <Filter>Source Files</Filter>
    </ClCompile>
    <ClCompile Include="$(ProjectDir)src\fastdot.cpp">
      <Filter>Source Files\FastMathDepr</Filter>
    </ClCompile>
    <ClCompile Include="$(ProjectDir)src\fastldltfactor.cpp">
      <Filter>Source Files\FastMathDepr</Filter>
    </ClCompile>
    <ClCompile Include="$(ProjectDir)src\fastldltsolve.cpp">
      <Filter>Source Files\FastMathDepr</Filter>
    </ClCompile>
    <ClCompile Include="$(ProjectDir)src\collision_util.cpp">
      <Filter>Source Files\Collision</Filter>
    </ClCompile>
    <ClCompile Include="$(ProjectDir)src\fastlsolve.cpp">
      <Filter>Source Files\FastMathDepr</Filter>
    </ClCompile>
    <ClCompile Include="$(ProjectDir)src\fastltsolve.cpp">
      <Filter>Source Files\FastMathDepr</Filter>
    </ClCompile>
    <ClCompile Include="$(ProjectDir)src\fastvecscale.cpp">
      <Filter>Source Files\FastMathDepr</Filter>
    </ClCompile>
    <ClCompile Include="$(ProjectDir)src\joints\fixed.cpp">
      <Filter>Source Files\Joints</Filter>
    </ClCompile>
    <ClCompile Include="$(ProjectDir)src\heightfield.cpp">
      <Filter>Source Files\Collision</Filter>
    </ClCompile>
    <ClCompile Include="$(ProjectDir)src\joints\hinge.cpp">
      <Filter>Source Files\Joints</Filter>
    </ClCompile>
    <ClCompile Include="$(ProjectDir)src\joints\hinge2.cpp">
      <Filter>Source Files\Joints</Filter>
    </ClCompile>
    <ClCompile Include="$(ProjectDir)OPCODE\Ice\IceAABB.cpp">
      <Filter>Source Files\Ice</Filter>
    </ClCompile>
    <ClCompile Include="$(ProjectDir)OPCODE\Ice\IceContainer.cpp">
      <Filter>Source Files\Ice</Filter>
    </ClCompile>
    <ClCompile Include="$(ProjectDir)OPCODE\Ice\IceHPoint.cpp">
      <Filter>Source Files\Ice</Filter>
    </ClCompile>
    <ClCompile Include="$(ProjectDir)OPCODE\Ice\IceIndexedTriangle.cpp">
      <Filter>Source Files\Ice</Filter>
    </ClCompile>
    <ClCompile Include="$(ProjectDir)OPCODE\Ice\IceMatrix3x3.cpp">
      <Filter>Source Files\Ice</Filter>
    </ClCompile>
    <ClCompile Include="$(ProjectDir)OPCODE\Ice\IceMatrix4x4.cpp">
      <Filter>Source Files\Ice</Filter>
    </ClCompile>
    <ClCompile Include="$(ProjectDir)OPCODE\Ice\IceOBB.cpp">
      <Filter>Source Files\Ice</Filter>
    </ClCompile>
    <ClCompile Include="$(ProjectDir)OPCODE\Ice\IcePlane.cpp">
      <Filter>Source Files\Ice</Filter>
    </ClCompile>
    <ClCompile Include="$(ProjectDir)OPCODE\Ice\IcePoint.cpp">
      <Filter>Source Files\Ice</Filter>
    </ClCompile>
    <ClCompile Include="$(ProjectDir)OPCODE\Ice\IceRandom.cpp">
      <Filter>Source Files\Ice</Filter>
    </ClCompile>
    <ClCompile Include="$(ProjectDir)OPCODE\Ice\IceRay.cpp">
      <Filter>Source Files\Ice</Filter>
    </ClCompile>
    <ClCompile Include="$(ProjectDir)OPCODE\Ice\IceRevisitedRadix.cpp">
      <Filter>Source Files\Ice</Filter>
    </ClCompile>
    <ClCompile Include="$(ProjectDir)OPCODE\Ice\IceSegment.cpp">
      <Filter>Source Files\Ice</Filter>
    </ClCompile>
    <ClCompile Include="$(ProjectDir)OPCODE\Ice\IceTriangle.cpp">
      <Filter>Source Files\Ice</Filter>
    </ClCompile>
    <ClCompile Include="$(ProjectDir)OPCODE\Ice\IceUtils.cpp">
      <Filter>Source Files\Ice</Filter>
    </ClCompile>
    <ClCompile Include="$(ProjectDir)src\joints\joint.cpp">
      <Filter>Source Files\Joints</Filter>
    </ClCompile>
    <ClCompile Include="$(ProjectDir)src\lcp.cpp">
      <Filter>Source Files\FastMathDepr</Filter>
    </ClCompile>
    <ClCompile Include="$(ProjectDir)ou\src\ou\malloc.cpp">
      <Filter>Source Files</Filter>
    </ClCompile>
    <ClCompile Include="$(ProjectDir)src\mass.cpp">
      <Filter>Source Files</Filter>
    </ClCompile>
    <ClCompile Include="$(ProjectDir)src\mat.cpp">
      <Filter>Source Files</Filter>
    </ClCompile>
    <ClCompile Include="$(ProjectDir)src\matrix.cpp">
      <Filter>Source Files\FastMathDepr</Filter>
    </ClCompile>
    <ClCompile Include="$(ProjectDir)src\convex.cpp">
      <Filter>Source Files\Collision</Filter>
    </ClCompile>
    <ClCompile Include="$(ProjectDir)src\memory.cpp">
      <Filter>Source Files</Filter>
    </ClCompile>
    <ClCompile Include="$(ProjectDir)src\misc.cpp">
      <Filter>Source Files</Filter>
    </ClCompile>
    <ClCompile Include="$(ProjectDir)src\nextafterf.c">
      <Filter>Source Files</Filter>
    </ClCompile>
    <ClCompile Include="$(ProjectDir)src\joints\null.cpp">
      <Filter>Source Files\Joints</Filter>
    </ClCompile>
    <ClCompile Include="$(ProjectDir)src\joints\lmotor.cpp">
      <Filter>Source Files\Joints</Filter>
    </ClCompile>
    <ClCompile Include="$(ProjectDir)src\objects.cpp">
      <Filter>Source Files</Filter>
    </ClCompile>
    <ClCompile Include="$(ProjectDir)src\ode.cpp">
      <Filter>Source Files\Ode</Filter>
    </ClCompile>
    <ClCompile Include="$(ProjectDir)src\odeou.cpp">
      <Filter>Source Files\Ode</Filter>
    </ClCompile>
    <ClCompile Include="$(ProjectDir)src\odemath.cpp">
      <Filter>Source Files\Ode</Filter>
    </ClCompile>
    <ClCompile Include="$(ProjectDir)src\odeinit.cpp">
      <Filter>Source Files\Ode</Filter>
    </ClCompile>
    <ClCompile Include="$(ProjectDir)src\obstack.cpp">
      <Filter>Source Files\Ode</Filter>
    </ClCompile>
    <ClCompile Include="$(ProjectDir)src\odetls.cpp">
      <Filter>Source Files\Ode</Filter>
    </ClCompile>
    <ClCompile Include="$(ProjectDir)OPCODE\OPC_AABBCollider.cpp">
      <Filter>Source Files\OPCODE lib</Filter>
    </ClCompile>
    <ClCompile Include="$(ProjectDir)OPCODE\OPC_AABBTree.cpp">
      <Filter>Source Files\OPCODE lib</Filter>
    </ClCompile>
    <ClCompile Include="$(ProjectDir)OPCODE\OPC_BaseModel.cpp">
      <Filter>Source Files\OPCODE lib</Filter>
    </ClCompile>
    <ClCompile Include="$(ProjectDir)OPCODE\OPC_Collider.cpp">
      <Filter>Source Files\OPCODE lib</Filter>
    </ClCompile>
    <ClCompile Include="$(ProjectDir)OPCODE\OPC_Common.cpp">
      <Filter>Source Files\OPCODE lib</Filter>
    </ClCompile>
    <ClCompile Include="$(ProjectDir)OPCODE\OPC_HybridModel.cpp">
      <Filter>Source Files\OPCODE lib</Filter>
    </ClCompile>
    <ClCompile Include="$(ProjectDir)OPCODE\OPC_LSSCollider.cpp">
      <Filter>Source Files\OPCODE lib</Filter>
    </ClCompile>
    <ClCompile Include="$(ProjectDir)OPCODE\OPC_MeshInterface.cpp">
      <Filter>Source Files\OPCODE lib</Filter>
    </ClCompile>
    <ClCompile Include="$(ProjectDir)OPCODE\OPC_Model.cpp">
      <Filter>Source Files\OPCODE lib</Filter>
    </ClCompile>
    <ClCompile Include="$(ProjectDir)OPCODE\OPC_OBBCollider.cpp">
      <Filter>Source Files\OPCODE lib</Filter>
    </ClCompile>
    <ClCompile Include="$(ProjectDir)OPCODE\OPC_OptimizedTree.cpp">
      <Filter>Source Files\OPCODE lib</Filter>
    </ClCompile>
    <ClCompile Include="$(ProjectDir)OPCODE\OPC_Picking.cpp">
      <Filter>Source Files\OPCODE lib</Filter>
    </ClCompile>
    <ClCompile Include="$(ProjectDir)OPCODE\OPC_PlanesCollider.cpp">
      <Filter>Source Files\OPCODE lib</Filter>
    </ClCompile>
    <ClCompile Include="$(ProjectDir)OPCODE\OPC_RayCollider.cpp">
      <Filter>Source Files\OPCODE lib</Filter>
    </ClCompile>
    <ClCompile Include="$(ProjectDir)OPCODE\OPC_SphereCollider.cpp">
      <Filter>Source Files\OPCODE lib</Filter>
    </ClCompile>
    <ClCompile Include="$(ProjectDir)OPCODE\OPC_TreeBuilders.cpp">
      <Filter>Source Files\OPCODE lib</Filter>
    </ClCompile>
    <ClCompile Include="$(ProjectDir)OPCODE\OPC_TreeCollider.cpp">
      <Filter>Source Files\OPCODE lib</Filter>
    </ClCompile>
    <ClCompile Include="$(ProjectDir)OPCODE\OPC_VolumeCollider.cpp">
      <Filter>Source Files\OPCODE lib</Filter>
    </ClCompile>
    <ClCompile Include="$(ProjectDir)OPCODE\Opcode.cpp">
      <Filter>Source Files\OPCODE lib</Filter>
    </ClCompile>
    <ClCompile Include="$(ProjectDir)src\joints\amotor.cpp">
      <Filter>Source Files\Joints</Filter>
    </ClCompile>
    <ClCompile Include="$(ProjectDir)src\joints\contact.cpp">
      <Filter>Source Files\Joints</Filter>
    </ClCompile>
    <ClCompile Include="$(ProjectDir)src\joints\piston.cpp">
      <Filter>Source Files\Joints</Filter>
    </ClCompile>
    <ClCompile Include="$(ProjectDir)src\plane.cpp">
      <Filter>Source Files\Geometry</Filter>
    </ClCompile>
    <ClCompile Include="$(ProjectDir)src\joints\plane2d.cpp">
      <Filter>Source Files\Joints</Filter>
    </ClCompile>
    <ClCompile Include="$(ProjectDir)src\joints\pr.cpp">
      <Filter>Source Files\Joints</Filter>
    </ClCompile>
    <ClCompile Include="$(ProjectDir)src\joints\pu.cpp">
      <Filter>Source Files\Joints</Filter>
    </ClCompile>
    <ClCompile Include="$(ProjectDir)src\quickstep.cpp">
      <Filter>Source Files\Threading</Filter>
    </ClCompile>
    <ClCompile Include="$(ProjectDir)src\ray.cpp">
      <Filter>Source Files\Geometry</Filter>
    </ClCompile>
    <ClCompile Include="$(ProjectDir)src\rotation.cpp">
      <Filter>Source Files\FastMathDepr</Filter>
    </ClCompile>
    <ClCompile Include="$(ProjectDir)src\resource_control.cpp">
      <Filter>Source Files\Threading</Filter>
    </ClCompile>
    <ClCompile Include="$(ProjectDir)src\simple_cooperative.cpp">
      <Filter>Source Files\Threading</Filter>
    </ClCompile>
    <ClCompile Include="$(ProjectDir)src\joints\slider.cpp">
      <Filter>Source Files\Joints</Filter>
    </ClCompile>
    <ClCompile Include="$(ProjectDir)ou\src\ou\atomic.cpp">
      <Filter>Source Files\Threading</Filter>
    </ClCompile>
    <ClCompile Include="$(ProjectDir)src\sphere.cpp">
      <Filter>Source Files\Geometry</Filter>
    </ClCompile>
    <ClCompile Include="$(ProjectDir)src\step.cpp">
      <Filter>Source Files</Filter>
    </ClCompile>
    <ClCompile Include="$(ProjectDir)src\threading_base.cpp">
      <Filter>Source Files\Threading</Filter>
    </ClCompile>
    <ClCompile Include="$(ProjectDir)src\threading_impl.cpp">
      <Filter>Source Files\Threading</Filter>
    </ClCompile>
    <ClCompile Include="$(ProjectDir)src\threading_pool_posix.cpp">
      <Filter>Source Files\Threading</Filter>
    </ClCompile>
    <ClCompile Include="$(ProjectDir)src\threading_pool_win.cpp">
      <Filter>Source Files\Threading</Filter>
    </ClCompile>
    <ClCompile Include="$(ProjectDir)ou\src\ou\threadlocalstorage.cpp">
      <Filter>Source Files\Threading</Filter>
    </ClCompile>
    <ClCompile Include="$(ProjectDir)src\timer.cpp">
      <Filter>Source Files</Filter>
    </ClCompile>
    <ClCompile Include="$(ProjectDir)src\joints\transmission.cpp">
      <Filter>Source Files\Joints</Filter>
    </ClCompile>
    <ClCompile Include="$(ProjectDir)src\joints\universal.cpp">
      <Filter>Source Files\Joints</Filter>
    </ClCompile>
    <ClCompile Include="$(ProjectDir)src\util.cpp">
      <Filter>Source Files</Filter>
    </ClCompile>
  </ItemGroup>
  <ItemGroup>
    <ClInclude Include="$(ProjectDir)src\array.h">
      <Filter>Header Files</Filter>
    </ClInclude>
    <ClInclude Include="$(ProjectDir)src\collision_kernel.h">
      <Filter>Header Files\Collision</Filter>
    </ClInclude>
    <ClInclude Include="$(ProjectDir)src\collision_space_internal.h">
      <Filter>Header Files\Collision</Filter>
    </ClInclude>
    <ClInclude Include="$(ProjectDir)src\collision_std.h">
      <Filter>Header Files\Collision</Filter>
    </ClInclude>
    <ClInclude Include="$(ProjectDir)src\collision_transform.h">
      <Filter>Header Files\Collision</Filter>
    </ClInclude>
    <ClInclude Include="$(ProjectDir)src\common.h">
      <Filter>Header Files</Filter>
    </ClInclude>
    <ClInclude Include="$(ProjectDir)src\joints\contact.h">
      <Filter>Header Files</Filter>
    </ClInclude>
    <ClInclude Include="$(ProjectDir)src\collision_trimesh_colliders.h">
      <Filter>Header Files\Collision</Filter>
    </ClInclude>
    <ClInclude Include="$(ProjectDir)src\collision_trimesh_gimpact.h">
      <Filter>Header Files\Collision</Filter>
    </ClInclude>
    <ClInclude Include="$(ProjectDir)src\collision_trimesh_internal.h">
      <Filter>Header Files\Collision</Filter>
    </ClInclude>
    <ClInclude Include="$(ProjectDir)src\collision_trimesh_internal_impl.h">
      <Filter>Header Files\Collision</Filter>
    </ClInclude>
    <ClInclude Include="$(ProjectDir)src\collision_trimesh_opcode.h">
      <Filter>Header Files\Collision</Filter>
    </ClInclude>
    <ClInclude Include="$(ProjectDir)src\collision_util.h">
      <Filter>Header Files\Collision</Filter>
    </ClInclude>
    <ClInclude Include="$(ProjectDir)src\joints\ball.h">
      <Filter>Header Files\Geometry</Filter>
    </ClInclude>
    <ClInclude Include="$(ProjectDir)src\joints\dball.h">
      <Filter>Header Files\Joints</Filter>
    </ClInclude>
    <ClInclude Include="$(ProjectDir)src\default_threading.h">
      <Filter>Header Files\Threading</Filter>
    </ClInclude>
    <ClInclude Include="$(ProjectDir)src\joints\dhinge.h">
      <Filter>Header Files\Joints</Filter>
    </ClInclude>
    <ClInclude Include="$(ProjectDir)src\error.h">
      <Filter>Header Files</Filter>
    </ClInclude>
    <ClInclude Include="$(ProjectDir)src\fastdot_impl.h">
      <Filter>Header Files\FastMathDepr</Filter>
    </ClInclude>
    <ClInclude Include="$(ProjectDir)src\fastldltfactor_impl.h">
      <Filter>Header Files\FastMathDepr</Filter>
    </ClInclude>
    <ClInclude Include="$(ProjectDir)src\fastldltsolve_impl.h">
      <Filter>Header Files\FastMathDepr</Filter>
    </ClInclude>
    <ClInclude Include="$(ProjectDir)src\coop_matrix_types.h">
      <Filter>Header Files\FastMathDepr</Filter>
    </ClInclude>
    <ClInclude Include="$(ProjectDir)src\fastlsolve_impl.h">
      <Filter>Header Files\FastMathDepr</Filter>
    </ClInclude>
    <ClInclude Include="$(ProjectDir)src\fastltsolve_impl.h">
      <Filter>Header Files\FastMathDepr</Filter>
    </ClInclude>
    <ClInclude Include="$(ProjectDir)src\fastvecscale_impl.h">
      <Filter>Header Files\FastMathDepr</Filter>
    </ClInclude>
    <ClInclude Include="$(ProjectDir)src\joints\fixed.h">
      <Filter>Header Files\Joints</Filter>
    </ClInclude>
    <ClInclude Include="$(ProjectDir)src\heightfield.h">
      <Filter>Header Files\Collision</Filter>
    </ClInclude>
    <ClInclude Include="$(ProjectDir)src\joints\hinge.h">
      <Filter>Header Files\Joints</Filter>
    </ClInclude>
    <ClInclude Include="$(ProjectDir)src\joints\hinge2.h">
      <Filter>Header Files\Joints</Filter>
    </ClInclude>
    <ClInclude Include="$(ProjectDir)OPCODE\Ice\IceAABB.h">
      <Filter>Header Files\Ice</Filter>
    </ClInclude>
    <ClInclude Include="$(ProjectDir)OPCODE\Ice\IceAxes.h">
      <Filter>Header Files\Ice</Filter>
    </ClInclude>
    <ClInclude Include="$(ProjectDir)OPCODE\Ice\IceBoundingSphere.h">
      <Filter>Header Files\Ice</Filter>
    </ClInclude>
    <ClInclude Include="$(ProjectDir)OPCODE\Ice\IceContainer.h">
      <Filter>Header Files\Ice</Filter>
    </ClInclude>
    <ClInclude Include="$(ProjectDir)OPCODE\Ice\IceFPU.h">
      <Filter>Header Files\Ice</Filter>
    </ClInclude>
    <ClInclude Include="$(ProjectDir)OPCODE\Ice\IceHPoint.h">
      <Filter>Header Files\Ice</Filter>
    </ClInclude>
    <ClInclude Include="$(ProjectDir)OPCODE\Ice\IceIndexedTriangle.h">
      <Filter>Header Files\Ice</Filter>
    </ClInclude>
    <ClInclude Include="$(ProjectDir)OPCODE\Ice\IceLSS.h">
      <Filter>Header Files\Ice</Filter>
    </ClInclude>
    <ClInclude Include="$(ProjectDir)OPCODE\Ice\IceMatrix3x3.h">
      <Filter>Header Files\Ice</Filter>
    </ClInclude>
    <ClInclude Include="$(ProjectDir)OPCODE\Ice\IceMatrix4x4.h">
      <Filter>Header Files\Ice</Filter>
    </ClInclude>
    <ClInclude Include="$(ProjectDir)OPCODE\Ice\IceMemoryMacros.h">
      <Filter>Header Files\Ice</Filter>
    </ClInclude>
    <ClInclude Include="$(ProjectDir)OPCODE\Ice\IceOBB.h">
      <Filter>Header Files\Ice</Filter>
    </ClInclude>
    <ClInclude Include="$(ProjectDir)OPCODE\Ice\IcePairs.h">
      <Filter>Header Files\Ice</Filter>
    </ClInclude>
    <ClInclude Include="$(ProjectDir)OPCODE\Ice\IcePlane.h">
      <Filter>Header Files\Ice</Filter>
    </ClInclude>
    <ClInclude Include="$(ProjectDir)OPCODE\Ice\IcePoint.h">
      <Filter>Header Files\Ice</Filter>
    </ClInclude>
    <ClInclude Include="$(ProjectDir)OPCODE\Ice\IcePreprocessor.h">
      <Filter>Header Files\Ice</Filter>
    </ClInclude>
    <ClInclude Include="$(ProjectDir)OPCODE\Ice\IceRandom.h">
      <Filter>Header Files\Ice</Filter>
    </ClInclude>
    <ClInclude Include="$(ProjectDir)OPCODE\Ice\IceRay.h">
      <Filter>Header Files\Ice</Filter>
    </ClInclude>
    <ClInclude Include="$(ProjectDir)OPCODE\Ice\IceRevisitedRadix.h">
      <Filter>Header Files\Ice</Filter>
    </ClInclude>
    <ClInclude Include="$(ProjectDir)OPCODE\Ice\IceSegment.h">
      <Filter>Header Files\Ice</Filter>
    </ClInclude>
    <ClInclude Include="$(ProjectDir)OPCODE\Ice\IceTriangle.h">
      <Filter>Header Files\Ice</Filter>
    </ClInclude>
    <ClInclude Include="$(ProjectDir)OPCODE\Ice\IceTriList.h">
      <Filter>Header Files\Ice</Filter>
    </ClInclude>
    <ClInclude Include="$(ProjectDir)OPCODE\Ice\IceTypes.h">
      <Filter>Header Files\Ice</Filter>
    </ClInclude>
    <ClInclude Include="$(ProjectDir)OPCODE\Ice\IceUtils.h">
      <Filter>Header Files\Ice</Filter>
    </ClInclude>
    <ClInclude Include="$(ProjectDir)src\joints\joint.h">
      <Filter>Header Files\Joints</Filter>
    </ClInclude>
    <ClInclude Include="$(ProjectDir)src\joints\joint_internal.h">
      <Filter>Header Files\Joints</Filter>
    </ClInclude>
    <ClInclude Include="$(ProjectDir)src\joints\joints.h">
      <Filter>Header Files\Joints</Filter>
    </ClInclude>
    <ClInclude Include="$(ProjectDir)src\lcp.h">
      <Filter>Header Files\FastMathDepr</Filter>
    </ClInclude>
    <ClInclude Include="$(ProjectDir)src\joints\lmotor.h">
      <Filter>Header Files\Joints</Filter>
    </ClInclude>
    <ClInclude Include="$(ProjectDir)src\mat.h">
      <Filter>Header Files</Filter>
    </ClInclude>
    <ClInclude Include="$(ProjectDir)src\matrix.h">
      <Filter>Header Files\FastMathDepr</Filter>
    </ClInclude>
    <ClInclude Include="$(ProjectDir)src\joints\null.h">
      <Filter>Header Files\Joints</Filter>
    </ClInclude>
    <ClInclude Include="$(ProjectDir)src\objects.h">
      <Filter>Header Files</Filter>
    </ClInclude>
    <ClInclude Include="$(ProjectDir)src\obstack.h">
      <Filter>Header Files</Filter>
    </ClInclude>
    <ClInclude Include="$(ProjectDir)src\odemath.h">
      <Filter>Header Files\Ode</Filter>
    </ClInclude>
    <ClInclude Include="$(ProjectDir)src\odeou.h">
      <Filter>Header Files\Ode</Filter>
    </ClInclude>
    <ClInclude Include="$(ProjectDir)src\odetls.h">
      <Filter>Header Files\Ode</Filter>
    </ClInclude>
    <ClInclude Include="$(ProjectDir)OPCODE\OPC_AABBCollider.h">
      <Filter>Header Files\OPCODE lib</Filter>
    </ClInclude>
    <ClInclude Include="$(ProjectDir)OPCODE\OPC_AABBTree.h">
      <Filter>Header Files\OPCODE lib</Filter>
    </ClInclude>
    <ClInclude Include="$(ProjectDir)OPCODE\OPC_BaseModel.h">
      <Filter>Header Files\OPCODE lib</Filter>
    </ClInclude>
    <ClInclude Include="$(ProjectDir)OPCODE\OPC_BoxBoxOverlap.h">
      <Filter>Header Files\OPCODE lib</Filter>
    </ClInclude>
    <ClInclude Include="$(ProjectDir)OPCODE\OPC_Collider.h">
      <Filter>Header Files\OPCODE lib</Filter>
    </ClInclude>
    <ClInclude Include="$(ProjectDir)OPCODE\OPC_Common.h">
      <Filter>Header Files\OPCODE lib</Filter>
    </ClInclude>
    <ClInclude Include="$(ProjectDir)OPCODE\OPC_HybridModel.h">
      <Filter>Header Files\OPCODE lib</Filter>
    </ClInclude>
    <ClInclude Include="$(ProjectDir)OPCODE\OPC_IceHook.h">
      <Filter>Header Files\OPCODE lib</Filter>
    </ClInclude>
    <ClInclude Include="$(ProjectDir)OPCODE\OPC_LSSAABBOverlap.h">
      <Filter>Header Files\OPCODE lib</Filter>
    </ClInclude>
    <ClInclude Include="$(ProjectDir)OPCODE\OPC_LSSCollider.h">
      <Filter>Header Files\OPCODE lib</Filter>
    </ClInclude>
    <ClInclude Include="$(ProjectDir)OPCODE\OPC_LSSTriOverlap.h">
      <Filter>Header Files\OPCODE lib</Filter>
    </ClInclude>
    <ClInclude Include="$(ProjectDir)OPCODE\OPC_MeshInterface.h">
      <Filter>Header Files\OPCODE lib</Filter>
    </ClInclude>
    <ClInclude Include="$(ProjectDir)OPCODE\OPC_Model.h">
      <Filter>Header Files\OPCODE lib</Filter>
    </ClInclude>
    <ClInclude Include="$(ProjectDir)OPCODE\OPC_OBBCollider.h">
      <Filter>Header Files\OPCODE lib</Filter>
    </ClInclude>
    <ClInclude Include="$(ProjectDir)OPCODE\OPC_OptimizedTree.h">
      <Filter>Header Files\OPCODE lib</Filter>
    </ClInclude>
    <ClInclude Include="$(ProjectDir)OPCODE\OPC_Picking.h">
      <Filter>Header Files\OPCODE lib</Filter>
    </ClInclude>
    <ClInclude Include="$(ProjectDir)OPCODE\OPC_PlanesAABBOverlap.h">
      <Filter>Header Files\OPCODE lib</Filter>
    </ClInclude>
    <ClInclude Include="$(ProjectDir)OPCODE\OPC_PlanesCollider.h">
      <Filter>Header Files\OPCODE lib</Filter>
    </ClInclude>
    <ClInclude Include="$(ProjectDir)OPCODE\OPC_PlanesTriOverlap.h">
      <Filter>Header Files\OPCODE lib</Filter>
    </ClInclude>
    <ClInclude Include="$(ProjectDir)OPCODE\OPC_RayAABBOverlap.h">
      <Filter>Header Files\OPCODE lib</Filter>
    </ClInclude>
    <ClInclude Include="$(ProjectDir)OPCODE\OPC_RayCollider.h">
      <Filter>Header Files\OPCODE lib</Filter>
    </ClInclude>
    <ClInclude Include="$(ProjectDir)OPCODE\OPC_RayTriOverlap.h">
      <Filter>Header Files\OPCODE lib</Filter>
    </ClInclude>
    <ClInclude Include="$(ProjectDir)OPCODE\OPC_Settings.h">
      <Filter>Header Files\OPCODE lib</Filter>
    </ClInclude>
    <ClInclude Include="$(ProjectDir)OPCODE\OPC_SphereAABBOverlap.h">
      <Filter>Header Files\OPCODE lib</Filter>
    </ClInclude>
    <ClInclude Include="$(ProjectDir)OPCODE\OPC_SphereCollider.h">
      <Filter>Header Files\OPCODE lib</Filter>
    </ClInclude>
    <ClInclude Include="$(ProjectDir)OPCODE\OPC_SphereTriOverlap.h">
      <Filter>Header Files\OPCODE lib</Filter>
    </ClInclude>
    <ClInclude Include="$(ProjectDir)OPCODE\OPC_TreeBuilders.h">
      <Filter>Header Files\OPCODE lib</Filter>
    </ClInclude>
    <ClInclude Include="$(ProjectDir)OPCODE\OPC_TreeCollider.h">
      <Filter>Header Files\OPCODE lib</Filter>
    </ClInclude>
    <ClInclude Include="$(ProjectDir)OPCODE\OPC_TriBoxOverlap.h">
      <Filter>Header Files\OPCODE lib</Filter>
    </ClInclude>
    <ClInclude Include="$(ProjectDir)OPCODE\OPC_TriTriOverlap.h">
      <Filter>Header Files\OPCODE lib</Filter>
    </ClInclude>
    <ClInclude Include="$(ProjectDir)OPCODE\OPC_VolumeCollider.h">
      <Filter>Header Files\OPCODE lib</Filter>
    </ClInclude>
    <ClInclude Include="$(ProjectDir)OPCODE\Opcode.h">
      <Filter>Header Files\OPCODE lib</Filter>
    </ClInclude>
    <ClInclude Include="$(ProjectDir)src\joints\amotor.h">
      <Filter>Header Files\Joints</Filter>
    </ClInclude>
    <ClInclude Include="$(ProjectDir)src\joints\piston.h">
      <Filter>Header Files\Joints</Filter>
    </ClInclude>
    <ClInclude Include="$(ProjectDir)src\joints\plane2d.h">
      <Filter>Header Files\Joints</Filter>
    </ClInclude>
    <ClInclude Include="$(ProjectDir)src\joints\pr.h">
      <Filter>Header Files\Joints</Filter>
    </ClInclude>
    <ClInclude Include="$(ProjectDir)src\joints\pu.h">
      <Filter>Header Files\Joints</Filter>
    </ClInclude>
    <ClInclude Include="$(ProjectDir)src\quickstep.h">
      <Filter>Header Files\Threading</Filter>
    </ClInclude>
    <ClInclude Include="$(ProjectDir)src\resource_control.h">
      <Filter>Header Files\Threading</Filter>
    </ClInclude>
    <ClInclude Include="$(ProjectDir)src\simple_cooperative.h">
      <Filter>Header Files\Threading</Filter>
    </ClInclude>
    <ClInclude Include="$(ProjectDir)src\joints\slider.h">
      <Filter>Header Files\Joints</Filter>
    </ClInclude>
    <ClInclude Include="$(ProjectDir)src\step.h">
      <Filter>Header Files</Filter>
    </ClInclude>
    <ClInclude Include="$(ProjectDir)OPCODE\Stdafx.h">
      <Filter>Header Files</Filter>
    </ClInclude>
    <ClInclude Include="$(ProjectDir)src\threaded_solver_ldlt.h">
      <Filter>Header Files\Threading</Filter>
    </ClInclude>
    <ClInclude Include="$(ProjectDir)src\threading_atomics_provs.h">
      <Filter>Header Files\Threading</Filter>
    </ClInclude>
    <ClInclude Include="$(ProjectDir)src\threading_base.h">
      <Filter>Header Files\Threading</Filter>
    </ClInclude>
    <ClInclude Include="$(ProjectDir)src\threading_fake_sync.h">
      <Filter>Header Files\Threading</Filter>
    </ClInclude>
    <ClInclude Include="$(ProjectDir)src\threading_impl.h">
      <Filter>Header Files\Threading</Filter>
    </ClInclude>
    <ClInclude Include="$(ProjectDir)src\threading_impl_posix.h">
      <Filter>Header Files\Threading</Filter>
    </ClInclude>
    <ClInclude Include="$(ProjectDir)src\threading_impl_templates.h">
      <Filter>Header Files\Threading</Filter>
    </ClInclude>
    <ClInclude Include="$(ProjectDir)src\threading_impl_win.h">
      <Filter>Header Files\Threading</Filter>
    </ClInclude>
    <ClInclude Include="$(ProjectDir)src\threadingutils.h">
      <Filter>Header Files\Threading</Filter>
    </ClInclude>
    <ClInclude Include="$(ProjectDir)src\typedefs.h">
      <Filter>Header Files</Filter>
    </ClInclude>
    <ClInclude Include="$(ProjectDir)src\joints\transmission.h">
      <Filter>Header Files\Joints</Filter>
    </ClInclude>
    <ClInclude Include="$(ProjectDir)src\joints\universal.h">
      <Filter>Header Files\Joints</Filter>
    </ClInclude>
    <ClInclude Include="$(ProjectDir)src\util.h">
      <Filter>Header Files</Filter>
    </ClInclude>
  </ItemGroup>
  <ItemGroup>
    <Filter Include="Header Files">
      <UniqueIdentifier>{195d109f-1c46-4a87-9559-4a2f8ad589e8}</UniqueIdentifier>
    </Filter>
    <Filter Include="Source Files">
      <UniqueIdentifier>{1e35eb34-70cc-4b9f-a07b-d60659a55ff9}</UniqueIdentifier>
    </Filter>
    <Filter Include="Header Files\Collision">
      <UniqueIdentifier>{4c09dc94-a024-41a2-92fc-46c288442604}</UniqueIdentifier>
    </Filter>
    <Filter Include="Source Files\Collision">
      <UniqueIdentifier>{50dec91f-3a89-43dd-b0c3-7537be1052c6}</UniqueIdentifier>
    </Filter>
    <Filter Include="Source Files\Geometry">
      <UniqueIdentifier>{13e551c5-69ef-4c31-ae5c-6a19d7f84aa3}</UniqueIdentifier>
    </Filter>
    <Filter Include="Source Files\Joints">
      <UniqueIdentifier>{913c25b8-dec4-4304-a61a-08fc76abd746}</UniqueIdentifier>
    </Filter>
    <Filter Include="Header Files\Geometry">
      <UniqueIdentifier>{d64acfa1-e63d-4058-81c2-0a4c777b4f7a}</UniqueIdentifier>
    </Filter>
    <Filter Include="Header Files\Joints">
      <UniqueIdentifier>{59576b6a-ea3a-4c68-a16e-4aca540edef7}</UniqueIdentifier>
    </Filter>
    <Filter Include="Header Files\Threading">
      <UniqueIdentifier>{0112483d-a1f1-4c23-9c79-a5fad3d2f4dd}</UniqueIdentifier>
    </Filter>
    <Filter Include="Source Files\Threading">
      <UniqueIdentifier>{8a698079-9179-4c8e-9994-caac3ec400bd}</UniqueIdentifier>
    </Filter>
    <Filter Include="Source Files\FastMathDepr">
      <UniqueIdentifier>{d07630bb-740b-4dcb-8894-c14b9c9e68d8}</UniqueIdentifier>
    </Filter>
    <Filter Include="Header Files\FastMathDepr">
      <UniqueIdentifier>{a23f72f1-a9d5-469f-8446-533b04e16d15}</UniqueIdentifier>
    </Filter>
    <Filter Include="Source Files\Ice">
      <UniqueIdentifier>{46fbb579-62d0-4ada-9ed0-95cecae2c171}</UniqueIdentifier>
    </Filter>
    <Filter Include="Header Files\Ice">
      <UniqueIdentifier>{76c5d6c6-6a84-48ca-8853-0b60aef6a181}</UniqueIdentifier>
    </Filter>
    <Filter Include="Source Files\Ode">
      <UniqueIdentifier>{9cf85f91-b84f-4abd-b74b-fa83b91095ad}</UniqueIdentifier>
    </Filter>
    <Filter Include="Header Files\Ode">
      <UniqueIdentifier>{48a8ffbe-8ed2-429a-88ad-dff25508ec1a}</UniqueIdentifier>
    </Filter>
    <Filter Include="Header Files\OPCODE lib">
      <UniqueIdentifier>{3790ca01-06e7-46ca-9ec3-1dcad3819851}</UniqueIdentifier>
    </Filter>
    <Filter Include="Source Files\OPCODE lib">
      <UniqueIdentifier>{d2169859-e77d-4307-9e23-89d3766d55c1}</UniqueIdentifier>
    </Filter>
  </ItemGroup>
</Project>