<?xml version="1.0" encoding="utf-8"?>
<Project ToolsVersion="4.0" xmlns="http://schemas.microsoft.com/developer/msbuild/2003">
  <ItemGroup>
    <Filter Include="Файлы исходного кода">
      <UniqueIdentifier>{4FC737F1-C7A5-4376-A066-2A32D752A2FF}</UniqueIdentifier>
      <Extensions>cpp;c;cc;cxx;def;odl;idl;hpj;bat;asm;asmx</Extensions>
    </Filter>
    <Filter Include="Заголовочные файлы">
      <UniqueIdentifier>{93995380-89BD-4b04-88EB-625FBE52EBFB}</UniqueIdentifier>
      <Extensions>h;hh;hpp;hxx;hm;inl;inc;xsd</Extensions>
    </Filter>
    <Filter Include="Файлы ресурсов">
      <UniqueIdentifier>{67DA6AB6-F800-4c08-8B7A-83BB121AAD01}</UniqueIdentifier>
      <Extensions>rc;ico;cur;bmp;dlg;rc2;rct;bin;rgs;gif;jpg;jpeg;jpe;resx;tiff;tif;png;wav;mfcribbon-ms</Extensions>
    </Filter>
    <Filter Include="Заголовочные файлы\Engine">
      <UniqueIdentifier>{f35d50dd-aa7c-4e18-a4bb-3ea4a9f0db85}</UniqueIdentifier>
    </Filter>
    <Filter Include="Файлы исходного кода\Engine">
      <UniqueIdentifier>{5111f1b0-c3d6-4b87-8d15-05b2667b29af}</UniqueIdentifier>
    </Filter>
  </ItemGroup>
  <ItemGroup>
    <ClCompile Include="main.c">
      <Filter>Файлы исходного кода</Filter>
    </ClCompile>
    <ClCompile Include="olcGameEngine.c">
      <Filter>Файлы исходного кода</Filter>
    </ClCompile>
    <ClCompile Include="Class.c">
      <Filter>Файлы исходного кода</Filter>
    </ClCompile>
    <ClCompile Include="Gamedemo.c">
      <Filter>Файлы исходного кода</Filter>
    </ClCompile>
    <ClCompile Include="MazeGen.c">
      <Filter>Файлы исходного кода</Filter>
    </ClCompile>
    <ClCompile Include="BitStack.c">
      <Filter>Файлы исходного кода</Filter>
    </ClCompile>
    <ClCompile Include="VeritasEngine.c">
      <Filter>Файлы исходного кода\Engine</Filter>
    </ClCompile>
    <ClCompile Include="Frame.c">
      <Filter>Файлы исходного кода\Engine</Filter>
    </ClCompile>
    <ClCompile Include="BitField.c">
      <Filter>Файлы исходного кода\Engine</Filter>
    </ClCompile>
    <ClCompile Include="Exception.c">
      <Filter>Файлы исходного кода\Engine</Filter>
    </ClCompile>
    <ClCompile Include="Window.c">
      <Filter>Файлы исходного кода\Engine</Filter>
    </ClCompile>
    <ClCompile Include="StringStream.c">
      <Filter>Файлы исходного кода\Engine</Filter>
    </ClCompile>
  </ItemGroup>
  <ItemGroup>
    <ClInclude Include="olcGameEngine.h">
      <Filter>Заголовочные файлы</Filter>
    </ClInclude>
    <ClInclude Include="New.h">
      <Filter>Заголовочные файлы</Filter>
    </ClInclude>
    <ClInclude Include="Class.h">
      <Filter>Заголовочные файлы</Filter>
    </ClInclude>
    <ClInclude Include="GameDemo.h">
      <Filter>Заголовочные файлы</Filter>
    </ClInclude>
    <ClInclude Include="BitStack.h">
      <Filter>Заголовочные файлы</Filter>
    </ClInclude>
    <ClInclude Include="Maze.h">
      <Filter>Заголовочные файлы</Filter>
    </ClInclude>
    <ClInclude Include="EngineCommons.h">
      <Filter>Заголовочные файлы</Filter>
    </ClInclude>
    <ClInclude Include="VeritasEngine.h">
      <Filter>Заголовочные файлы\Engine</Filter>
    </ClInclude>
    <ClInclude Include="Frame.h">
      <Filter>Заголовочные файлы\Engine</Filter>
    </ClInclude>
    <ClInclude Include="BitField.h">
      <Filter>Заголовочные файлы\Engine</Filter>
    </ClInclude>
    <ClInclude Include="WinSetup.h">
      <Filter>Заголовочные файлы\Engine</Filter>
    </ClInclude>
    <ClInclude Include="Window.h">
      <Filter>Заголовочные файлы\Engine</Filter>
    </ClInclude>
    <ClInclude Include="Exception.h">
      <Filter>Заголовочные файлы\Engine</Filter>
    </ClInclude>
    <ClInclude Include="StringStream.h">
      <Filter>Заголовочные файлы\Engine</Filter>
    </ClInclude>
  </ItemGroup>
</Project>